
Microsoft Visual Studio Solution File, Format Version 12.00
# Visual Studio 15
VisualStudioVersion = 15.0.26730.3
MinimumVisualStudioVersion = 10.0.40219.1
Project("{FAE04EC0-301F-11D3-BF4B-00C04F79EFBC}") = "SocImages", "SocImages\SocImages.csproj", "{703D1EF3-9149-4A30-9BD0-EDD1BD1ED5CB}"
EndProject
Global
	GlobalSection(SolutionConfigurationPlatforms) = preSolution
		Debug|Any CPU = Debug|Any CPU
		Release|Any CPU = Release|Any CPU
	EndGlobalSection
	GlobalSection(ProjectConfigurationPlatforms) = postSolution
		{703D1EF3-9149-4A30-9BD0-EDD1BD1ED5CB}.Debug|Any CPU.ActiveCfg = Debug|Any CPU
		{703D1EF3-9149-4A30-9BD0-EDD1BD1ED5CB}.Debug|Any CPU.Build.0 = Debug|Any CPU
		{703D1EF3-9149-4A30-9BD0-EDD1BD1ED5CB}.Release|Any CPU.ActiveCfg = Release|Any CPU
		{703D1EF3-9149-4A30-9BD0-EDD1BD1ED5CB}.Release|Any CPU.Build.0 = Release|Any CPU
	EndGlobalSection
	GlobalSection(SolutionProperties) = preSolution
		HideSolutionNode = FALSE
	EndGlobalSection
	GlobalSection(ExtensibilityGlobals) = postSolution
		SolutionGuid = {CAE05BE3-E3A8-41EC-A883-FA8FE037D692}
	EndGlobalSection
EndGlobal
